{
  "requires": true,
  "lockfileVersion": 1,
  "dependencies": {
    "bindings": {
      "version": "1.3.0",
      "resolved": "https://registry.npmjs.org/bindings/-/bindings-1.3.0.tgz",
      "integrity": "sha512-DpLh5EzMR2kzvX1KIlVC0VkC3iZtHKTgdtZ0a3pglBZdaQFjt5S9g9xd1lE+YvXyfd6mtCeRnrUfOLYiTMlNSw=="
    },
    "global-rainbow": {
      "version": "1.0.0",
      "resolved": "https://registry.npmjs.org/global-rainbow/-/global-rainbow-1.0.0.tgz",
      "integrity": "sha512-Laeod4OTvREgSucfHkFvnTsrdmLpXm2CD8JchcP+Dm1xy9X28jvXlnGFgBFHITK7m6AcF4MsO8+ULGx2BM+2sw=="
    },
    "spi": {
      "version": "0.2.0",
      "resolved": "https://registry.npmjs.org/spi/-/spi-0.2.0.tgz",
      "integrity": "sha1-LcmFaj0GylbfaUgx30LIidsbfrI=",
      "requires": {
        "bindings": "1.3.0"
      }
    }
  }
}
